
Microsoft Visual Studio Solution File, Format Version 12.00
# Visual Studio Version 16
VisualStudioVersion = 16.0.31129.286
MinimumVisualStudioVersion = 10.0.40219.1
Project("{FAE04EC0-301F-11D3-BF4B-00C04F79EFBC}") = "HelloWorld", "HelloWorld\HelloWorld.csproj", "{0970585A-5C1C-48BE-ABA5-2C15FA1A1ABF}"
EndProject
Global
	GlobalSection(SolutionConfigurationPlatforms) = preSolution
		Debug|Any CPU = Debug|Any CPU
		Release|Any CPU = Release|Any CPU
	EndGlobalSection
	GlobalSection(ProjectConfigurationPlatforms) = postSolution
		{0970585A-5C1C-48BE-ABA5-2C15FA1A1ABF}.Debug|Any CPU.ActiveCfg = Debug|Any CPU
		{0970585A-5C1C-48BE-ABA5-2C15FA1A1ABF}.Debug|Any CPU.Build.0 = Debug|Any CPU
		{0970585A-5C1C-48BE-ABA5-2C15FA1A1ABF}.Release|Any CPU.ActiveCfg = Release|Any CPU
		{0970585A-5C1C-48BE-ABA5-2C15FA1A1ABF}.Release|Any CPU.Build.0 = Release|Any CPU
	EndGlobalSection
	GlobalSection(SolutionProperties) = preSolution
		HideSolutionNode = FALSE
	EndGlobalSection
	GlobalSection(ExtensibilityGlobals) = postSolution
		SolutionGuid = {00ECD090-E4F2-47F2-BCBD-714499113F16}
	EndGlobalSection
EndGlobal
